
Microsoft Visual Studio Solution File, Format Version 12.00
# Visual Studio Version 17
VisualStudioVersion = 17.0.32112.339
MinimumVisualStudioVersion = 10.0.40219.1
Project("{9A19103F-16F7-4668-BE54-9A1E7A4F7556}") = "Assignment4", "Assignment4\Assignment4.csproj", "{57143E03-0998-41EE-96F1-997E0E5BC558}"
EndProject
Project("{9A19103F-16F7-4668-BE54-9A1E7A4F7556}") = "DataLayers", "DataLayers\DataLayers.csproj", "{F7946484-924F-4178-9305-536291593BA4}"
EndProject
Global
	GlobalSection(SolutionConfigurationPlatforms) = preSolution
		Debug|Any CPU = Debug|Any CPU
		Release|Any CPU = Release|Any CPU
	EndGlobalSection
	GlobalSection(ProjectConfigurationPlatforms) = postSolution
		{57143E03-0998-41EE-96F1-997E0E5BC558}.Debug|Any CPU.ActiveCfg = Debug|Any CPU
		{57143E03-0998-41EE-96F1-997E0E5BC558}.Debug|Any CPU.Build.0 = Debug|Any CPU
		{57143E03-0998-41EE-96F1-997E0E5BC558}.Release|Any CPU.ActiveCfg = Release|Any CPU
		{57143E03-0998-41EE-96F1-997E0E5BC558}.Release|Any CPU.Build.0 = Release|Any CPU
		{F7946484-924F-4178-9305-536291593BA4}.Debug|Any CPU.ActiveCfg = Debug|Any CPU
		{F7946484-924F-4178-9305-536291593BA4}.Debug|Any CPU.Build.0 = Debug|Any CPU
		{F7946484-924F-4178-9305-536291593BA4}.Release|Any CPU.ActiveCfg = Release|Any CPU
		{F7946484-924F-4178-9305-536291593BA4}.Release|Any CPU.Build.0 = Release|Any CPU
	EndGlobalSection
	GlobalSection(SolutionProperties) = preSolution
		HideSolutionNode = FALSE
	EndGlobalSection
	GlobalSection(ExtensibilityGlobals) = postSolution
		SolutionGuid = {67BE6213-0C1C-4B47-9218-48B0CF6F4EAF}
	EndGlobalSection
EndGlobal
